
Microsoft Visual Studio Solution File, Format Version 12.00
# Visual Studio Version 17
VisualStudioVersion = 17.6.33815.320
MinimumVisualStudioVersion = 10.0.40219.1
Project("{FAE04EC0-301F-11D3-BF4B-00C04F79EFBC}") = "ClientTester2", "ClientTester2.csproj", "{1F8C058F-4EF3-474B-AA3F-05103A00EC58}"
EndProject
Global
	GlobalSection(SolutionConfigurationPlatforms) = preSolution
		Debug|Any CPU = Debug|Any CPU
		Release|Any CPU = Release|Any CPU
	EndGlobalSection
	GlobalSection(ProjectConfigurationPlatforms) = postSolution
		{1F8C058F-4EF3-474B-AA3F-05103A00EC58}.Debug|Any CPU.ActiveCfg = Debug|Any CPU
		{1F8C058F-4EF3-474B-AA3F-05103A00EC58}.Debug|Any CPU.Build.0 = Debug|Any CPU
		{1F8C058F-4EF3-474B-AA3F-05103A00EC58}.Release|Any CPU.ActiveCfg = Release|Any CPU
		{1F8C058F-4EF3-474B-AA3F-05103A00EC58}.Release|Any CPU.Build.0 = Release|Any CPU
	EndGlobalSection
	GlobalSection(SolutionProperties) = preSolution
		HideSolutionNode = FALSE
	EndGlobalSection
	GlobalSection(ExtensibilityGlobals) = postSolution
		SolutionGuid = {0B58CE24-3188-4F0D-A470-C7CA8CCC8F7D}
	EndGlobalSection
EndGlobal
