
Microsoft Visual Studio Solution File, Format Version 12.00
# Visual Studio Version 17
VisualStudioVersion = 17.6.33815.320
MinimumVisualStudioVersion = 10.0.40219.1
Project("{FAE04EC0-301F-11D3-BF4B-00C04F79EFBC}") = "ClientTester", "ClientTester.csproj", "{1BA3BC20-EA09-4D5F-98C4-DBE384BEC9E1}"
EndProject
Global
	GlobalSection(SolutionConfigurationPlatforms) = preSolution
		Debug|Any CPU = Debug|Any CPU
		Release|Any CPU = Release|Any CPU
	EndGlobalSection
	GlobalSection(ProjectConfigurationPlatforms) = postSolution
		{1BA3BC20-EA09-4D5F-98C4-DBE384BEC9E1}.Debug|Any CPU.ActiveCfg = Debug|Any CPU
		{1BA3BC20-EA09-4D5F-98C4-DBE384BEC9E1}.Debug|Any CPU.Build.0 = Debug|Any CPU
		{1BA3BC20-EA09-4D5F-98C4-DBE384BEC9E1}.Release|Any CPU.ActiveCfg = Release|Any CPU
		{1BA3BC20-EA09-4D5F-98C4-DBE384BEC9E1}.Release|Any CPU.Build.0 = Release|Any CPU
	EndGlobalSection
	GlobalSection(SolutionProperties) = preSolution
		HideSolutionNode = FALSE
	EndGlobalSection
	GlobalSection(ExtensibilityGlobals) = postSolution
		SolutionGuid = {AFC892EA-9C6E-4DA6-8D11-62498D70ED32}
	EndGlobalSection
EndGlobal
