
Microsoft Visual Studio Solution File, Format Version 12.00
# Visual Studio Version 17
VisualStudioVersion = 17.6.33815.320
MinimumVisualStudioVersion = 10.0.40219.1
Project("{FAE04EC0-301F-11D3-BF4B-00C04F79EFBC}") = "LabDT", "LabDT.csproj", "{3FA52E17-DDC9-43D2-9752-02791AEEC37B}"
EndProject
Global
	GlobalSection(SolutionConfigurationPlatforms) = preSolution
		Debug|Any CPU = Debug|Any CPU
		Release|Any CPU = Release|Any CPU
	EndGlobalSection
	GlobalSection(ProjectConfigurationPlatforms) = postSolution
		{3FA52E17-DDC9-43D2-9752-02791AEEC37B}.Debug|Any CPU.ActiveCfg = Debug|Any CPU
		{3FA52E17-DDC9-43D2-9752-02791AEEC37B}.Debug|Any CPU.Build.0 = Debug|Any CPU
		{3FA52E17-DDC9-43D2-9752-02791AEEC37B}.Release|Any CPU.ActiveCfg = Release|Any CPU
		{3FA52E17-DDC9-43D2-9752-02791AEEC37B}.Release|Any CPU.Build.0 = Release|Any CPU
	EndGlobalSection
	GlobalSection(SolutionProperties) = preSolution
		HideSolutionNode = FALSE
	EndGlobalSection
	GlobalSection(ExtensibilityGlobals) = postSolution
		SolutionGuid = {1108EF12-99B4-485E-948A-8CFFFD11AE31}
	EndGlobalSection
EndGlobal
